
Microsoft Visual Studio Solution File, Format Version 12.00
# Visual Studio Version 17
VisualStudioVersion = 17.0.32126.317
MinimumVisualStudioVersion = 10.0.40219.1
Project("{9A19103F-16F7-4668-BE54-9A1E7A4F7556}") = "PracticeLinq", "ParcticeLinq\PracticeLinq.csproj", "{20407BA1-5C3D-4D4E-A6DF-DA2F2D014940}"
EndProject
Global
	GlobalSection(SolutionConfigurationPlatforms) = preSolution
		Debug|Any CPU = Debug|Any CPU
		Release|Any CPU = Release|Any CPU
	EndGlobalSection
	GlobalSection(ProjectConfigurationPlatforms) = postSolution
		{20407BA1-5C3D-4D4E-A6DF-DA2F2D014940}.Debug|Any CPU.ActiveCfg = Debug|Any CPU
		{20407BA1-5C3D-4D4E-A6DF-DA2F2D014940}.Debug|Any CPU.Build.0 = Debug|Any CPU
		{20407BA1-5C3D-4D4E-A6DF-DA2F2D014940}.Release|Any CPU.ActiveCfg = Release|Any CPU
		{20407BA1-5C3D-4D4E-A6DF-DA2F2D014940}.Release|Any CPU.Build.0 = Release|Any CPU
	EndGlobalSection
	GlobalSection(SolutionProperties) = preSolution
		HideSolutionNode = FALSE
	EndGlobalSection
	GlobalSection(ExtensibilityGlobals) = postSolution
		SolutionGuid = {88359D6F-D996-4E9C-81EA-616F28892A26}
	EndGlobalSection
EndGlobal
